
Microsoft Visual Studio Solution File, Format Version 12.00
# Visual Studio 2013
VisualStudioVersion = 12.0.31101.0
MinimumVisualStudioVersion = 10.0.40219.1
Project("{8BC9CEB8-8B4A-11D0-8D11-00A0C91BC942}") = "Q75", "Q75\Q75.vcxproj", "{5B3DD43A-89FC-49C5-A02F-2F6071A45DB8}"
EndProject
Project("{8BC9CEB8-8B4A-11D0-8D11-00A0C91BC942}") = "Q76", "Q76\Q76.vcxproj", "{9C424419-1F06-47F6-9692-AE90ADD19BFD}"
EndProject
Project("{8BC9CEB8-8B4A-11D0-8D11-00A0C91BC942}") = "Q77", "Q77\Q77.vcxproj", "{941E66AF-E957-43F4-B016-73D7FDCA995A}"
EndProject
Project("{8BC9CEB8-8B4A-11D0-8D11-00A0C91BC942}") = "Q85", "Q85\Q85.vcxproj", "{87279E4C-262C-4D6F-9D78-9555BED46B7E}"
EndProject
Project("{8BC9CEB8-8B4A-11D0-8D11-00A0C91BC942}") = "Q86", "Q86\Q86.vcxproj", "{FDB8B3B0-731E-426F-99C1-ADAC300BB765}"
EndProject
Project("{8BC9CEB8-8B4A-11D0-8D11-00A0C91BC942}") = "Q87", "Q87\Q87.vcxproj", "{466100ED-0805-4C9A-A7C2-10D3D9D40F30}"
EndProject
Project("{8BC9CEB8-8B4A-11D0-8D11-00A0C91BC942}") = "Q88", "Q88\Q88.vcxproj", "{3A1A6BBB-2345-4F54-94FE-9CBEE21E4CD6}"
EndProject
Project("{8BC9CEB8-8B4A-11D0-8D11-00A0C91BC942}") = "Q89", "Q89\Q89.vcxproj", "{27CDB2B7-79B1-4BD6-A3AD-CD4DA0781192}"
EndProject
Project("{8BC9CEB8-8B4A-11D0-8D11-00A0C91BC942}") = "Q90", "Q90\Q90.vcxproj", "{90256736-03B0-497C-B121-6EC24ACC5328}"
EndProject
Project("{8BC9CEB8-8B4A-11D0-8D11-00A0C91BC942}") = "Q91", "Q91\Q91.vcxproj", "{56DFC7F6-F98A-45C2-8839-B71647C08DFF}"
EndProject
Project("{8BC9CEB8-8B4A-11D0-8D11-00A0C91BC942}") = "test", "test\test.vcxproj", "{2684AC5E-F6D2-40B1-BD86-75AD020B6F81}"
EndProject
Global
	GlobalSection(SolutionConfigurationPlatforms) = preSolution
		Debug|Win32 = Debug|Win32
		Release|Win32 = Release|Win32
	EndGlobalSection
	GlobalSection(ProjectConfigurationPlatforms) = postSolution
		{5B3DD43A-89FC-49C5-A02F-2F6071A45DB8}.Debug|Win32.ActiveCfg = Debug|Win32
		{5B3DD43A-89FC-49C5-A02F-2F6071A45DB8}.Debug|Win32.Build.0 = Debug|Win32
		{5B3DD43A-89FC-49C5-A02F-2F6071A45DB8}.Release|Win32.ActiveCfg = Release|Win32
		{5B3DD43A-89FC-49C5-A02F-2F6071A45DB8}.Release|Win32.Build.0 = Release|Win32
		{9C424419-1F06-47F6-9692-AE90ADD19BFD}.Debug|Win32.ActiveCfg = Debug|Win32
		{9C424419-1F06-47F6-9692-AE90ADD19BFD}.Debug|Win32.Build.0 = Debug|Win32
		{9C424419-1F06-47F6-9692-AE90ADD19BFD}.Release|Win32.ActiveCfg = Release|Win32
		{9C424419-1F06-47F6-9692-AE90ADD19BFD}.Release|Win32.Build.0 = Release|Win32
		{941E66AF-E957-43F4-B016-73D7FDCA995A}.Debug|Win32.ActiveCfg = Debug|Win32
		{941E66AF-E957-43F4-B016-73D7FDCA995A}.Debug|Win32.Build.0 = Debug|Win32
		{941E66AF-E957-43F4-B016-73D7FDCA995A}.Release|Win32.ActiveCfg = Release|Win32
		{941E66AF-E957-43F4-B016-73D7FDCA995A}.Release|Win32.Build.0 = Release|Win32
		{87279E4C-262C-4D6F-9D78-9555BED46B7E}.Debug|Win32.ActiveCfg = Debug|Win32
		{87279E4C-262C-4D6F-9D78-9555BED46B7E}.Debug|Win32.Build.0 = Debug|Win32
		{87279E4C-262C-4D6F-9D78-9555BED46B7E}.Release|Win32.ActiveCfg = Release|Win32
		{87279E4C-262C-4D6F-9D78-9555BED46B7E}.Release|Win32.Build.0 = Release|Win32
		{FDB8B3B0-731E-426F-99C1-ADAC300BB765}.Debug|Win32.ActiveCfg = Debug|Win32
		{FDB8B3B0-731E-426F-99C1-ADAC300BB765}.Debug|Win32.Build.0 = Debug|Win32
		{FDB8B3B0-731E-426F-99C1-ADAC300BB765}.Release|Win32.ActiveCfg = Release|Win32
		{FDB8B3B0-731E-426F-99C1-ADAC300BB765}.Release|Win32.Build.0 = Release|Win32
		{466100ED-0805-4C9A-A7C2-10D3D9D40F30}.Debug|Win32.ActiveCfg = Debug|Win32
		{466100ED-0805-4C9A-A7C2-10D3D9D40F30}.Debug|Win32.Build.0 = Debug|Win32
		{466100ED-0805-4C9A-A7C2-10D3D9D40F30}.Release|Win32.ActiveCfg = Release|Win32
		{466100ED-0805-4C9A-A7C2-10D3D9D40F30}.Release|Win32.Build.0 = Release|Win32
		{3A1A6BBB-2345-4F54-94FE-9CBEE21E4CD6}.Debug|Win32.ActiveCfg = Debug|Win32
		{3A1A6BBB-2345-4F54-94FE-9CBEE21E4CD6}.Debug|Win32.Build.0 = Debug|Win32
		{3A1A6BBB-2345-4F54-94FE-9CBEE21E4CD6}.Release|Win32.ActiveCfg = Release|Win32
		{3A1A6BBB-2345-4F54-94FE-9CBEE21E4CD6}.Release|Win32.Build.0 = Release|Win32
		{27CDB2B7-79B1-4BD6-A3AD-CD4DA0781192}.Debug|Win32.ActiveCfg = Debug|Win32
		{27CDB2B7-79B1-4BD6-A3AD-CD4DA0781192}.Debug|Win32.Build.0 = Debug|Win32
		{27CDB2B7-79B1-4BD6-A3AD-CD4DA0781192}.Release|Win32.ActiveCfg = Release|Win32
		{27CDB2B7-79B1-4BD6-A3AD-CD4DA0781192}.Release|Win32.Build.0 = Release|Win32
		{90256736-03B0-497C-B121-6EC24ACC5328}.Debug|Win32.ActiveCfg = Debug|Win32
		{90256736-03B0-497C-B121-6EC24ACC5328}.Debug|Win32.Build.0 = Debug|Win32
		{90256736-03B0-497C-B121-6EC24ACC5328}.Release|Win32.ActiveCfg = Release|Win32
		{90256736-03B0-497C-B121-6EC24ACC5328}.Release|Win32.Build.0 = Release|Win32
		{56DFC7F6-F98A-45C2-8839-B71647C08DFF}.Debug|Win32.ActiveCfg = Debug|Win32
		{56DFC7F6-F98A-45C2-8839-B71647C08DFF}.Debug|Win32.Build.0 = Debug|Win32
		{56DFC7F6-F98A-45C2-8839-B71647C08DFF}.Release|Win32.ActiveCfg = Release|Win32
		{56DFC7F6-F98A-45C2-8839-B71647C08DFF}.Release|Win32.Build.0 = Release|Win32
		{2684AC5E-F6D2-40B1-BD86-75AD020B6F81}.Debug|Win32.ActiveCfg = Debug|Win32
		{2684AC5E-F6D2-40B1-BD86-75AD020B6F81}.Debug|Win32.Build.0 = Debug|Win32
		{2684AC5E-F6D2-40B1-BD86-75AD020B6F81}.Release|Win32.ActiveCfg = Release|Win32
		{2684AC5E-F6D2-40B1-BD86-75AD020B6F81}.Release|Win32.Build.0 = Release|Win32
	EndGlobalSection
	GlobalSection(SolutionProperties) = preSolution
		HideSolutionNode = FALSE
	EndGlobalSection
EndGlobal
